
Microsoft Visual Studio Solution File, Format Version 12.00
# Visual Studio Version 16
VisualStudioVersion = 16.0.31005.135
MinimumVisualStudioVersion = 10.0.40219.1
Project("{9A19103F-16F7-4668-BE54-9A1E7A4F7556}") = "BlazorServer", "BlazorServer\BlazorServer.csproj", "{67906D6D-839B-4C25-9E96-8B0DBE36A3CD}"
EndProject
Project("{9A19103F-16F7-4668-BE54-9A1E7A4F7556}") = "MyServices", "MyServices\MyServices.csproj", "{1B63CA7E-C28F-49A2-BE60-5EC2CDEFA4D2}"
EndProject
Global
	GlobalSection(SolutionConfigurationPlatforms) = preSolution
		Debug|Any CPU = Debug|Any CPU
		Release|Any CPU = Release|Any CPU
	EndGlobalSection
	GlobalSection(ProjectConfigurationPlatforms) = postSolution
		{67906D6D-839B-4C25-9E96-8B0DBE36A3CD}.Debug|Any CPU.ActiveCfg = Debug|Any CPU
		{67906D6D-839B-4C25-9E96-8B0DBE36A3CD}.Debug|Any CPU.Build.0 = Debug|Any CPU
		{67906D6D-839B-4C25-9E96-8B0DBE36A3CD}.Release|Any CPU.ActiveCfg = Release|Any CPU
		{67906D6D-839B-4C25-9E96-8B0DBE36A3CD}.Release|Any CPU.Build.0 = Release|Any CPU
		{1B63CA7E-C28F-49A2-BE60-5EC2CDEFA4D2}.Debug|Any CPU.ActiveCfg = Debug|Any CPU
		{1B63CA7E-C28F-49A2-BE60-5EC2CDEFA4D2}.Debug|Any CPU.Build.0 = Debug|Any CPU
		{1B63CA7E-C28F-49A2-BE60-5EC2CDEFA4D2}.Release|Any CPU.ActiveCfg = Release|Any CPU
		{1B63CA7E-C28F-49A2-BE60-5EC2CDEFA4D2}.Release|Any CPU.Build.0 = Release|Any CPU
	EndGlobalSection
	GlobalSection(SolutionProperties) = preSolution
		HideSolutionNode = FALSE
	EndGlobalSection
	GlobalSection(ExtensibilityGlobals) = postSolution
		SolutionGuid = {76AB6F29-DEB3-4FCD-AA54-DE92A3E69BF7}
	EndGlobalSection
EndGlobal
